// !$*UTF8*$!
{
	archiveVersion = 1;
	classes = {
	};
	objectVersion = 46;
	objects = {

/* Begin PBXBuildFile section */
		9B598ACF188508A400CB343D /* Foundation.framework in Frameworks */ = {isa = PBXBuildFile; fileRef = 9B598ACE188508A400CB343D /* Foundation.framework */; };
		9B598AD1188508A400CB343D /* CoreGraphics.framework in Frameworks */ = {isa = PBXBuildFile; fileRef = 9B598AD0188508A400CB343D /* CoreGraphics.framework */; };
		9B598AD3188508A400CB343D /* UIKit.framework in Frameworks */ = {isa = PBXBuildFile; fileRef = 9B598AD2188508A400CB343D /* UIKit.framework */; };
		9B598AD9188508A400CB343D /* InfoPlist.strings in Resources */ = {isa = PBXBuildFile; fileRef = 9B598AD7188508A400CB343D /* InfoPlist.strings */; };
		9B598ADB188508A400CB343D /* main.m in Sources */ = {isa = PBXBuildFile; fileRef = 9B598ADA188508A400CB343D /* main.m */; };
		9B598ADF188508A400CB343D /* HTAppDelegate.m in Sources */ = {isa = PBXBuildFile; fileRef = 9B598ADE188508A400CB343D /* HTAppDelegate.m */; };
		9B598AE1188508A400CB343D /* Images.xcassets in Resources */ = {isa = PBXBuildFile; fileRef = 9B598AE0188508A400CB343D /* Images.xcassets */; };
		9B598AE8188508A400CB343D /* XCTest.framework in Frameworks */ = {isa = PBXBuildFile; fileRef = 9B598AE7188508A400CB343D /* XCTest.framework */; };
		9B598AE9188508A400CB343D /* Foundation.framework in Frameworks */ = {isa = PBXBuildFile; fileRef = 9B598ACE188508A400CB343D /* Foundation.framework */; };
		9B598AEA188508A400CB343D /* UIKit.framework in Frameworks */ = {isa = PBXBuildFile; fileRef = 9B598AD2188508A400CB343D /* UIKit.framework */; };
		9B598AF2188508A400CB343D /* InfoPlist.strings in Resources */ = {isa = PBXBuildFile; fileRef = 9B598AF0188508A400CB343D /* InfoPlist.strings */; };
		9B598AF4188508A400CB343D /* HaloTimerTests.m in Sources */ = {isa = PBXBuildFile; fileRef = 9B598AF3188508A400CB343D /* HaloTimerTests.m */; };
		9B598B02188509B600CB343D /* HTMapListViewController.m in Sources */ = {isa = PBXBuildFile; fileRef = 9B598B01188509B600CB343D /* HTMapListViewController.m */; };
		9B598B0618850B2600CB343D /* HTMap.m in Sources */ = {isa = PBXBuildFile; fileRef = 9B598B0518850B2600CB343D /* HTMap.m */; };
		9B598B0818850C3D00CB343D /* halo.sqlite in Resources */ = {isa = PBXBuildFile; fileRef = 9B598B0718850C3D00CB343D /* halo.sqlite */; };
		9B598B0B18850C8A00CB343D /* HTMapListDataSource.m in Sources */ = {isa = PBXBuildFile; fileRef = 9B598B0A18850C8A00CB343D /* HTMapListDataSource.m */; };
		9B598B0D1885101000CB343D /* libsqlite3.dylib in Frameworks */ = {isa = PBXBuildFile; fileRef = 9B598B0C1885101000CB343D /* libsqlite3.dylib */; };
/* End PBXBuildFile section */

/* Begin PBXContainerItemProxy section */
		9B598AEB188508A400CB343D /* PBXContainerItemProxy */ = {
			isa = PBXContainerItemProxy;
			containerPortal = 9B598AC3188508A400CB343D /* Project object */;
			proxyType = 1;
			remoteGlobalIDString = 9B598ACA188508A400CB343D;
			remoteInfo = HaloTimer;
		};
/* End PBXContainerItemProxy section */

/* Begin PBXFileReference section */
		9B598ACB188508A400CB343D /* HaloTimer.app */ = {isa = PBXFileReference; explicitFileType = wrapper.application; includeInIndex = 0; path = HaloTimer.app; sourceTree = BUILT_PRODUCTS_DIR; };
		9B598ACE188508A400CB343D /* Foundation.framework */ = {isa = PBXFileReference; lastKnownFileType = wrapper.framework; name = Foundation.framework; path = System/Library/Frameworks/Foundation.framework; sourceTree = SDKROOT; };
		9B598AD0188508A400CB343D /* CoreGraphics.framework */ = {isa = PBXFileReference; lastKnownFileType = wrapper.framework; name = CoreGraphics.framework; path = System/Library/Frameworks/CoreGraphics.framework; sourceTree = SDKROOT; };
		9B598AD2188508A400CB343D /* UIKit.framework */ = {isa = PBXFileReference; lastKnownFileType = wrapper.framework; name = UIKit.framework; path = System/Library/Frameworks/UIKit.framework; sourceTree = SDKROOT; };
		9B598AD6188508A400CB343D /* HaloTimer-Info.plist */ = {isa = PBXFileReference; lastKnownFileType = text.plist.xml; path = "HaloTimer-Info.plist"; sourceTree = "<group>"; };
		9B598AD8188508A400CB343D /* en */ = {isa = PBXFileReference; lastKnownFileType = text.plist.strings; name = en; path = en.lproj/InfoPlist.strings; sourceTree = "<group>"; };
		9B598ADA188508A400CB343D /* main.m */ = {isa = PBXFileReference; lastKnownFileType = sourcecode.c.objc; path = main.m; sourceTree = "<group>"; };
		9B598ADC188508A400CB343D /* HaloTimer-Prefix.pch */ = {isa = PBXFileReference; lastKnownFileType = sourcecode.c.h; path = "HaloTimer-Prefix.pch"; sourceTree = "<group>"; };
		9B598ADD188508A400CB343D /* HTAppDelegate.h */ = {isa = PBXFileReference; lastKnownFileType = sourcecode.c.h; path = HTAppDelegate.h; sourceTree = "<group>"; };
		9B598ADE188508A400CB343D /* HTAppDelegate.m */ = {isa = PBXFileReference; lastKnownFileType = sourcecode.c.objc; path = HTAppDelegate.m; sourceTree = "<group>"; };
		9B598AE0188508A400CB343D /* Images.xcassets */ = {isa = PBXFileReference; lastKnownFileType = folder.assetcatalog; path = Images.xcassets; sourceTree = "<group>"; };
		9B598AE6188508A400CB343D /* HaloTimerTests.xctest */ = {isa = PBXFileReference; explicitFileType = wrapper.cfbundle; includeInIndex = 0; path = HaloTimerTests.xctest; sourceTree = BUILT_PRODUCTS_DIR; };
		9B598AE7188508A400CB343D /* XCTest.framework */ = {isa = PBXFileReference; lastKnownFileType = wrapper.framework; name = XCTest.framework; path = Library/Frameworks/XCTest.framework; sourceTree = DEVELOPER_DIR; };
		9B598AEF188508A400CB343D /* HaloTimerTests-Info.plist */ = {isa = PBXFileReference; lastKnownFileType = text.plist.xml; path = "HaloTimerTests-Info.plist"; sourceTree = "<group>"; };
		9B598AF1188508A400CB343D /* en */ = {isa = PBXFileReference; lastKnownFileType = text.plist.strings; name = en; path = en.lproj/InfoPlist.strings; sourceTree = "<group>"; };
		9B598AF3188508A400CB343D /* HaloTimerTests.m */ = {isa = PBXFileReference; lastKnownFileType = sourcecode.c.objc; path = HaloTimerTests.m; sourceTree = "<group>"; };
		9B598AFD188508F700CB343D /* libsqlite3.0.dylib */ = {isa = PBXFileReference; lastKnownFileType = "compiled.mach-o.dylib"; name = libsqlite3.0.dylib; path = usr/lib/libsqlite3.0.dylib; sourceTree = SDKROOT; };
		9B598B00188509B600CB343D /* HTMapListViewController.h */ = {isa = PBXFileReference; fileEncoding = 4; lastKnownFileType = sourcecode.c.h; name = HTMapListViewController.h; path = "View Controllers/HTMapListViewController.h"; sourceTree = "<group>"; };
		9B598B01188509B600CB343D /* HTMapListViewController.m */ = {isa = PBXFileReference; fileEncoding = 4; lastKnownFileType = sourcecode.c.objc; name = HTMapListViewController.m; path = "View Controllers/HTMapListViewController.m"; sourceTree = "<group>"; };
		9B598B0418850B2600CB343D /* HTMap.h */ = {isa = PBXFileReference; fileEncoding = 4; lastKnownFileType = sourcecode.c.h; name = HTMap.h; path = Model/HTMap.h; sourceTree = "<group>"; };
		9B598B0518850B2600CB343D /* HTMap.m */ = {isa = PBXFileReference; fileEncoding = 4; lastKnownFileType = sourcecode.c.objc; name = HTMap.m; path = Model/HTMap.m; sourceTree = "<group>"; };
		9B598B0718850C3D00CB343D /* halo.sqlite */ = {isa = PBXFileReference; lastKnownFileType = file; path = halo.sqlite; sourceTree = "<group>"; };
		9B598B0918850C8A00CB343D /* HTMapListDataSource.h */ = {isa = PBXFileReference; fileEncoding = 4; lastKnownFileType = sourcecode.c.h; name = HTMapListDataSource.h; path = Model/HTMapListDataSource.h; sourceTree = "<group>"; };
		9B598B0A18850C8A00CB343D /* HTMapListDataSource.m */ = {isa = PBXFileReference; fileEncoding = 4; lastKnownFileType = sourcecode.c.objc; name = HTMapListDataSource.m; path = Model/HTMapListDataSource.m; sourceTree = "<group>"; };
		9B598B0C1885101000CB343D /* libsqlite3.dylib */ = {isa = PBXFileReference; lastKnownFileType = "compiled.mach-o.dylib"; name = libsqlite3.dylib; path = usr/lib/libsqlite3.dylib; sourceTree = SDKROOT; };
/* End PBXFileReference section */

/* Begin PBXFrameworksBuildPhase section */
		9B598AC8188508A400CB343D /* Frameworks */ = {
			isa = PBXFrameworksBuildPhase;
			buildActionMask = 2147483647;
			files = (
				9B598B0D1885101000CB343D /* libsqlite3.dylib in Frameworks */,
				9B598AD1188508A400CB343D /* CoreGraphics.framework in Frameworks */,
				9B598AD3188508A400CB343D /* UIKit.framework in Frameworks */,
				9B598ACF188508A400CB343D /* Foundation.framework in Frameworks */,
			);
			runOnlyForDeploymentPostprocessing = 0;
		};
		9B598AE3188508A400CB343D /* Frameworks */ = {
			isa = PBXFrameworksBuildPhase;
			buildActionMask = 2147483647;
			files = (
				9B598AE8188508A400CB343D /* XCTest.framework in Frameworks */,
				9B598AEA188508A400CB343D /* UIKit.framework in Frameworks */,
				9B598AE9188508A400CB343D /* Foundation.framework in Frameworks */,
			);
			runOnlyForDeploymentPostprocessing = 0;
		};
/* End PBXFrameworksBuildPhase section */

/* Begin PBXGroup section */
		9B598AC2188508A400CB343D = {
			isa = PBXGroup;
			children = (
				9B598AD4188508A400CB343D /* HaloTimer */,
				9B598AED188508A400CB343D /* HaloTimerTests */,
				9B598ACD188508A400CB343D /* Frameworks */,
				9B598ACC188508A400CB343D /* Products */,
			);
			sourceTree = "<group>";
		};
		9B598ACC188508A400CB343D /* Products */ = {
			isa = PBXGroup;
			children = (
				9B598ACB188508A400CB343D /* HaloTimer.app */,
				9B598AE6188508A400CB343D /* HaloTimerTests.xctest */,
			);
			name = Products;
			sourceTree = "<group>";
		};
		9B598ACD188508A400CB343D /* Frameworks */ = {
			isa = PBXGroup;
			children = (
				9B598B0C1885101000CB343D /* libsqlite3.dylib */,
				9B598AFD188508F700CB343D /* libsqlite3.0.dylib */,
				9B598ACE188508A400CB343D /* Foundation.framework */,
				9B598AD0188508A400CB343D /* CoreGraphics.framework */,
				9B598AD2188508A400CB343D /* UIKit.framework */,
				9B598AE7188508A400CB343D /* XCTest.framework */,
			);
			name = Frameworks;
			sourceTree = "<group>";
		};
		9B598AD4188508A400CB343D /* HaloTimer */ = {
			isa = PBXGroup;
			children = (
				9B598B0318850ABC00CB343D /* Model */,
				9B598AFF1885096D00CB343D /* View Controllers */,
				9B598ADD188508A400CB343D /* HTAppDelegate.h */,
				9B598ADE188508A400CB343D /* HTAppDelegate.m */,
				9B598AE0188508A400CB343D /* Images.xcassets */,
				9B598AD5188508A400CB343D /* Supporting Files */,
			);
			path = HaloTimer;
			sourceTree = "<group>";
		};
		9B598AD5188508A400CB343D /* Supporting Files */ = {
			isa = PBXGroup;
			children = (
				9B598AD6188508A400CB343D /* HaloTimer-Info.plist */,
				9B598AD7188508A400CB343D /* InfoPlist.strings */,
				9B598ADA188508A400CB343D /* main.m */,
				9B598ADC188508A400CB343D /* HaloTimer-Prefix.pch */,
			);
			name = "Supporting Files";
			sourceTree = "<group>";
		};
		9B598AED188508A400CB343D /* HaloTimerTests */ = {
			isa = PBXGroup;
			children = (
				9B598AF3188508A400CB343D /* HaloTimerTests.m */,
				9B598AEE188508A400CB343D /* Supporting Files */,
			);
			path = HaloTimerTests;
			sourceTree = "<group>";
		};
		9B598AEE188508A400CB343D /* Supporting Files */ = {
			isa = PBXGroup;
			children = (
				9B598AEF188508A400CB343D /* HaloTimerTests-Info.plist */,
				9B598AF0188508A400CB343D /* InfoPlist.strings */,
			);
			name = "Supporting Files";
			sourceTree = "<group>";
		};
		9B598AFF1885096D00CB343D /* View Controllers */ = {
			isa = PBXGroup;
			children = (
				9B598B00188509B600CB343D /* HTMapListViewController.h */,
				9B598B01188509B600CB343D /* HTMapListViewController.m */,
			);
			name = "View Controllers";
			sourceTree = "<group>";
		};
		9B598B0318850ABC00CB343D /* Model */ = {
			isa = PBXGroup;
			children = (
				9B598B0718850C3D00CB343D /* halo.sqlite */,
				9B598B0418850B2600CB343D /* HTMap.h */,
				9B598B0518850B2600CB343D /* HTMap.m */,
				9B598B0918850C8A00CB343D /* HTMapListDataSource.h */,
				9B598B0A18850C8A00CB343D /* HTMapListDataSource.m */,
			);
			name = Model;
			sourceTree = "<group>";
		};
/* End PBXGroup section */

/* Begin PBXNativeTarget section */
		9B598ACA188508A400CB343D /* HaloTimer */ = {
			isa = PBXNativeTarget;
			buildConfigurationList = 9B598AF7188508A400CB343D /* Build configuration list for PBXNativeTarget "HaloTimer" */;
			buildPhases = (
				9B598AC7188508A400CB343D /* Sources */,
				9B598AC8188508A400CB343D /* Frameworks */,
				9B598AC9188508A400CB343D /* Resources */,
			);
			buildRules = (
			);
			dependencies = (
			);
			name = HaloTimer;
			productName = HaloTimer;
			productReference = 9B598ACB188508A400CB343D /* HaloTimer.app */;
			productType = "com.apple.product-type.application";
		};
		9B598AE5188508A400CB343D /* HaloTimerTests */ = {
			isa = PBXNativeTarget;
			buildConfigurationList = 9B598AFA188508A400CB343D /* Build configuration list for PBXNativeTarget "HaloTimerTests" */;
			buildPhases = (
				9B598AE2188508A400CB343D /* Sources */,
				9B598AE3188508A400CB343D /* Frameworks */,
				9B598AE4188508A400CB343D /* Resources */,
			);
			buildRules = (
			);
			dependencies = (
				9B598AEC188508A400CB343D /* PBXTargetDependency */,
			);
			name = HaloTimerTests;
			productName = HaloTimerTests;
			productReference = 9B598AE6188508A400CB343D /* HaloTimerTests.xctest */;
			productType = "com.apple.product-type.bundle.unit-test";
		};
/* End PBXNativeTarget section */

/* Begin PBXProject section */
		9B598AC3188508A400CB343D /* Project object */ = {
			isa = PBXProject;
			attributes = {
				CLASSPREFIX = HT;
				LastUpgradeCheck = 0500;
				ORGANIZATIONNAME = "Unexplored Novelty, LLC";
				TargetAttributes = {
					9B598ACA188508A400CB343D = {
						DevelopmentTeam = 7XXCQUU6YJ;
					};
					9B598AE5188508A400CB343D = {
						TestTargetID = 9B598ACA188508A400CB343D;
					};
				};
			};
			buildConfigurationList = 9B598AC6188508A400CB343D /* Build configuration list for PBXProject "HaloTimer" */;
			compatibilityVersion = "Xcode 3.2";
			developmentRegion = English;
			hasScannedForEncodings = 0;
			knownRegions = (
				en,
			);
			mainGroup = 9B598AC2188508A400CB343D;
			productRefGroup = 9B598ACC188508A400CB343D /* Products */;
			projectDirPath = "";
			projectRoot = "";
			targets = (
				9B598ACA188508A400CB343D /* HaloTimer */,
				9B598AE5188508A400CB343D /* HaloTimerTests */,
			);
		};
/* End PBXProject section */

/* Begin PBXResourcesBuildPhase section */
		9B598AC9188508A400CB343D /* Resources */ = {
			isa = PBXResourcesBuildPhase;
			buildActionMask = 2147483647;
			files = (
				9B598AD9188508A400CB343D /* InfoPlist.strings in Resources */,
				9B598B0818850C3D00CB343D /* halo.sqlite in Resources */,
				9B598AE1188508A400CB343D /* Images.xcassets in Resources */,
			);
			runOnlyForDeploymentPostprocessing = 0;
		};
		9B598AE4188508A400CB343D /* Resources */ = {
			isa = PBXResourcesBuildPhase;
			buildActionMask = 2147483647;
			files = (
				9B598AF2188508A400CB343D /* InfoPlist.strings in Resources */,
			);
			runOnlyForDeploymentPostprocessing = 0;
		};
/* End PBXResourcesBuildPhase section */

/* Begin PBXSourcesBuildPhase section */
		9B598AC7188508A400CB343D /* Sources */ = {
			isa = PBXSourcesBuildPhase;
			buildActionMask = 2147483647;
			files = (
				9B598B0B18850C8A00CB343D /* HTMapListDataSource.m in Sources */,
				9B598B0618850B2600CB343D /* HTMap.m in Sources */,
				9B598B02188509B600CB343D /* HTMapListViewController.m in Sources */,
				9B598ADF188508A400CB343D /* HTAppDelegate.m in Sources */,
				9B598ADB188508A400CB343D /* main.m in Sources */,
			);
			runOnlyForDeploymentPostprocessing = 0;
		};
		9B598AE2188508A400CB343D /* Sources */ = {
			isa = PBXSourcesBuildPhase;
			buildActionMask = 2147483647;
			files = (
				9B598AF4188508A400CB343D /* HaloTimerTests.m in Sources */,
			);
			runOnlyForDeploymentPostprocessing = 0;
		};
/* End PBXSourcesBuildPhase section */

/* Begin PBXTargetDependency section */
		9B598AEC188508A400CB343D /* PBXTargetDependency */ = {
			isa = PBXTargetDependency;
			target = 9B598ACA188508A400CB343D /* HaloTimer */;
			targetProxy = 9B598AEB188508A400CB343D /* PBXContainerItemProxy */;
		};
/* End PBXTargetDependency section */

/* Begin PBXVariantGroup section */
		9B598AD7188508A400CB343D /* InfoPlist.strings */ = {
			isa = PBXVariantGroup;
			children = (
				9B598AD8188508A400CB343D /* en */,
			);
			name = InfoPlist.strings;
			sourceTree = "<group>";
		};
		9B598AF0188508A400CB343D /* InfoPlist.strings */ = {
			isa = PBXVariantGroup;
			children = (
				9B598AF1188508A400CB343D /* en */,
			);
			name = InfoPlist.strings;
			sourceTree = "<group>";
		};
/* End PBXVariantGroup section */

/* Begin XCBuildConfiguration section */
		9B598AF5188508A400CB343D /* Debug */ = {
			isa = XCBuildConfiguration;
			buildSettings = {
				ALWAYS_SEARCH_USER_PATHS = NO;
				ARCHS = "$(ARCHS_STANDARD_INCLUDING_64_BIT)";
				CLANG_CXX_LANGUAGE_STANDARD = "gnu++0x";
				CLANG_CXX_LIBRARY = "libc++";
				CLANG_ENABLE_MODULES = YES;
				CLANG_ENABLE_OBJC_ARC = YES;
				CLANG_WARN_BOOL_CONVERSION = YES;
				CLANG_WARN_CONSTANT_CONVERSION = YES;
				CLANG_WARN_DIRECT_OBJC_ISA_USAGE = YES_ERROR;
				CLANG_WARN_EMPTY_BODY = YES;
				CLANG_WARN_ENUM_CONVERSION = YES;
				CLANG_WARN_INT_CONVERSION = YES;
				CLANG_WARN_OBJC_ROOT_CLASS = YES_ERROR;
				CLANG_WARN__DUPLICATE_METHOD_MATCH = YES;
				"CODE_SIGN_IDENTITY[sdk=iphoneos*]" = "iPhone Developer";
				COPY_PHASE_STRIP = NO;
				GCC_C_LANGUAGE_STANDARD = gnu99;
				GCC_DYNAMIC_NO_PIC = NO;
				GCC_OPTIMIZATION_LEVEL = 0;
				GCC_PREPROCESSOR_DEFINITIONS = (
					"DEBUG=1",
					"$(inherited)",
				);
				GCC_SYMBOLS_PRIVATE_EXTERN = NO;
				GCC_WARN_64_TO_32_BIT_CONVERSION = YES;
				GCC_WARN_ABOUT_RETURN_TYPE = YES_ERROR;
				GCC_WARN_UNDECLARED_SELECTOR = YES;
				GCC_WARN_UNINITIALIZED_AUTOS = YES;
				GCC_WARN_UNUSED_FUNCTION = YES;
				GCC_WARN_UNUSED_VARIABLE = YES;
				IPHONEOS_DEPLOYMENT_TARGET = 7.0;
				ONLY_ACTIVE_ARCH = YES;
				SDKROOT = iphoneos;
				TARGETED_DEVICE_FAMILY = "1,2";
			};
			name = Debug;
		};
		9B598AF6188508A400CB343D /* Release */ = {
			isa = XCBuildConfiguration;
			buildSettings = {
				ALWAYS_SEARCH_USER_PATHS = NO;
				ARCHS = "$(ARCHS_STANDARD_INCLUDING_64_BIT)";
				CLANG_CXX_LANGUAGE_STANDARD = "gnu++0x";
				CLANG_CXX_LIBRARY = "libc++";
				CLANG_ENABLE_MODULES = YES;
				CLANG_ENABLE_OBJC_ARC = YES;
				CLANG_WARN_BOOL_CONVERSION = YES;
				CLANG_WARN_CONSTANT_CONVERSION = YES;
				CLANG_WARN_DIRECT_OBJC_ISA_USAGE = YES_ERROR;
				CLANG_WARN_EMPTY_BODY = YES;
				CLANG_WARN_ENUM_CONVERSION = YES;
				CLANG_WARN_INT_CONVERSION = YES;
				CLANG_WARN_OBJC_ROOT_CLASS = YES_ERROR;
				CLANG_WARN__DUPLICATE_METHOD_MATCH = YES;
				"CODE_SIGN_IDENTITY[sdk=iphoneos*]" = "iPhone Developer";
				COPY_PHASE_STRIP = YES;
				ENABLE_NS_ASSERTIONS = NO;
				GCC_C_LANGUAGE_STANDARD = gnu99;
				GCC_WARN_64_TO_32_BIT_CONVERSION = YES;
				GCC_WARN_ABOUT_RETURN_TYPE = YES_ERROR;
				GCC_WARN_UNDECLARED_SELECTOR = YES;
				GCC_WARN_UNINITIALIZED_AUTOS = YES;
				GCC_WARN_UNUSED_FUNCTION = YES;
				GCC_WARN_UNUSED_VARIABLE = YES;
				IPHONEOS_DEPLOYMENT_TARGET = 7.0;
				SDKROOT = iphoneos;
				TARGETED_DEVICE_FAMILY = "1,2";
				VALIDATE_PRODUCT = YES;
			};
			name = Release;
		};
		9B598AF8188508A400CB343D /* Debug */ = {
			isa = XCBuildConfiguration;
			buildSettings = {
				ASSETCATALOG_COMPILER_APPICON_NAME = AppIcon;
				ASSETCATALOG_COMPILER_LAUNCHIMAGE_NAME = LaunchImage;
				CODE_SIGN_IDENTITY = "iPhone Developer";
				GCC_PRECOMPILE_PREFIX_HEADER = YES;
				GCC_PREFIX_HEADER = "HaloTimer/HaloTimer-Prefix.pch";
				INFOPLIST_FILE = "HaloTimer/HaloTimer-Info.plist";
				PRODUCT_NAME = "$(TARGET_NAME)";
				TARGETED_DEVICE_FAMILY = 2;
				WRAPPER_EXTENSION = app;
			};
			name = Debug;
		};
		9B598AF9188508A400CB343D /* Release */ = {
			isa = XCBuildConfiguration;
			buildSettings = {
				ASSETCATALOG_COMPILER_APPICON_NAME = AppIcon;
				ASSETCATALOG_COMPILER_LAUNCHIMAGE_NAME = LaunchImage;
				CODE_SIGN_IDENTITY = "iPhone Developer";
				GCC_PRECOMPILE_PREFIX_HEADER = YES;
				GCC_PREFIX_HEADER = "HaloTimer/HaloTimer-Prefix.pch";
				INFOPLIST_FILE = "HaloTimer/HaloTimer-Info.plist";
				PRODUCT_NAME = "$(TARGET_NAME)";
				TARGETED_DEVICE_FAMILY = 2;
				WRAPPER_EXTENSION = app;
			};
			name = Release;
		};
		9B598AFB188508A400CB343D /* Debug */ = {
			isa = XCBuildConfiguration;
			buildSettings = {
				ARCHS = "$(ARCHS_STANDARD_INCLUDING_64_BIT)";
				BUNDLE_LOADER = "$(BUILT_PRODUCTS_DIR)/HaloTimer.app/HaloTimer";
				FRAMEWORK_SEARCH_PATHS = (
					"$(SDKROOT)/Developer/Library/Frameworks",
					"$(inherited)",
					"$(DEVELOPER_FRAMEWORKS_DIR)",
				);
				GCC_PRECOMPILE_PREFIX_HEADER = YES;
				GCC_PREFIX_HEADER = "HaloTimer/HaloTimer-Prefix.pch";
				GCC_PREPROCESSOR_DEFINITIONS = (
					"DEBUG=1",
					"$(inherited)",
				);
				INFOPLIST_FILE = "HaloTimerTests/HaloTimerTests-Info.plist";
				PRODUCT_NAME = "$(TARGET_NAME)";
				TEST_HOST = "$(BUNDLE_LOADER)";
				WRAPPER_EXTENSION = xctest;
			};
			name = Debug;
		};
		9B598AFC188508A400CB343D /* Release */ = {
			isa = XCBuildConfiguration;
			buildSettings = {
				ARCHS = "$(ARCHS_STANDARD_INCLUDING_64_BIT)";
				BUNDLE_LOADER = "$(BUILT_PRODUCTS_DIR)/HaloTimer.app/HaloTimer";
				FRAMEWORK_SEARCH_PATHS = (
					"$(SDKROOT)/Developer/Library/Frameworks",
					"$(inherited)",
					"$(DEVELOPER_FRAMEWORKS_DIR)",
				);
				GCC_PRECOMPILE_PREFIX_HEADER = YES;
				GCC_PREFIX_HEADER = "HaloTimer/HaloTimer-Prefix.pch";
				INFOPLIST_FILE = "HaloTimerTests/HaloTimerTests-Info.plist";
				PRODUCT_NAME = "$(TARGET_NAME)";
				TEST_HOST = "$(BUNDLE_LOADER)";
				WRAPPER_EXTENSION = xctest;
			};
			name = Release;
		};
/* End XCBuildConfiguration section */

/* Begin XCConfigurationList section */
		9B598AC6188508A400CB343D /* Build configuration list for PBXProject "HaloTimer" */ = {
			isa = XCConfigurationList;
			buildConfigurations = (
				9B598AF5188508A400CB343D /* Debug */,
				9B598AF6188508A400CB343D /* Release */,
			);
			defaultConfigurationIsVisible = 0;
			defaultConfigurationName = Release;
		};
		9B598AF7188508A400CB343D /* Build configuration list for PBXNativeTarget "HaloTimer" */ = {
			isa = XCConfigurationList;
			buildConfigurations = (
				9B598AF8188508A400CB343D /* Debug */,
				9B598AF9188508A400CB343D /* Release */,
			);
			defaultConfigurationIsVisible = 0;
		};
		9B598AFA188508A400CB343D /* Build configuration list for PBXNativeTarget "HaloTimerTests" */ = {
			isa = XCConfigurationList;
			buildConfigurations = (
				9B598AFB188508A400CB343D /* Debug */,
				9B598AFC188508A400CB343D /* Release */,
			);
			defaultConfigurationIsVisible = 0;
		};
/* End XCConfigurationList section */
	};
	rootObject = 9B598AC3188508A400CB343D /* Project object */;
}
